
Microsoft Visual Studio Solution File, Format Version 12.00
# Visual Studio Version 17
VisualStudioVersion = 17.3.32922.545
MinimumVisualStudioVersion = 10.0.40219.1
Project("{FAE04EC0-301F-11D3-BF4B-00C04F79EFBC}") = "WebClase10", "WebClase10.csproj", "{2C0E64DF-980F-404E-83F1-CAE1D31D974A}"
EndProject
Global
	GlobalSection(SolutionConfigurationPlatforms) = preSolution
		Debug|Any CPU = Debug|Any CPU
		Release|Any CPU = Release|Any CPU
	EndGlobalSection
	GlobalSection(ProjectConfigurationPlatforms) = postSolution
		{2C0E64DF-980F-404E-83F1-CAE1D31D974A}.Debug|Any CPU.ActiveCfg = Debug|Any CPU
		{2C0E64DF-980F-404E-83F1-CAE1D31D974A}.Debug|Any CPU.Build.0 = Debug|Any CPU
		{2C0E64DF-980F-404E-83F1-CAE1D31D974A}.Release|Any CPU.ActiveCfg = Release|Any CPU
		{2C0E64DF-980F-404E-83F1-CAE1D31D974A}.Release|Any CPU.Build.0 = Release|Any CPU
	EndGlobalSection
	GlobalSection(SolutionProperties) = preSolution
		HideSolutionNode = FALSE
	EndGlobalSection
	GlobalSection(ExtensibilityGlobals) = postSolution
		SolutionGuid = {A3EF7892-45BA-4C6D-9192-BBB8499190F8}
	EndGlobalSection
EndGlobal
